// !$*UTF8*$!
{
	archiveVersion = 1;
	classes = {
	};
	objectVersion = 56;
	objects = {

/* Begin PBXBuildFile section */
		309B7C0D2AFBE9E10055C008 /* AppDelegate.swift in Sources */ = {isa = PBXBuildFile; fileRef = 309B7C0C2AFBE9E10055C008 /* AppDelegate.swift */; };
		309B7C0F2AFBE9E10055C008 /* SceneDelegate.swift in Sources */ = {isa = PBXBuildFile; fileRef = 309B7C0E2AFBE9E10055C008 /* SceneDelegate.swift */; };
		309B7C112AFBE9E10055C008 /* ViewController.swift in Sources */ = {isa = PBXBuildFile; fileRef = 309B7C102AFBE9E10055C008 /* ViewController.swift */; };
		309B7C142AFBE9E10055C008 /* Main.storyboard in Resources */ = {isa = PBXBuildFile; fileRef = 309B7C122AFBE9E10055C008 /* Main.storyboard */; };
		309B7C162AFBE9E30055C008 /* Assets.xcassets in Resources */ = {isa = PBXBuildFile; fileRef = 309B7C152AFBE9E30055C008 /* Assets.xcassets */; };
		309B7C192AFBE9E30055C008 /* LaunchScreen.storyboard in Resources */ = {isa = PBXBuildFile; fileRef = 309B7C172AFBE9E30055C008 /* LaunchScreen.storyboard */; };
		309B7C262AFBEA380055C008 /* SpringAnimation in Frameworks */ = {isa = PBXBuildFile; productRef = 309B7C252AFBEA380055C008 /* SpringAnimation */; };
		309B7C282AFBEBF70055C008 /* DataStore.swift in Sources */ = {isa = PBXBuildFile; fileRef = 309B7C272AFBEBF70055C008 /* DataStore.swift */; };
		309B7C2B2AFBED6E0055C008 /* Animation.swift in Sources */ = {isa = PBXBuildFile; fileRef = 309B7C2A2AFBED6E0055C008 /* Animation.swift */; };
/* End PBXBuildFile section */

/* Begin PBXFileReference section */
		309B7C092AFBE9E10055C008 /* animationApp.app */ = {isa = PBXFileReference; explicitFileType = wrapper.application; includeInIndex = 0; path = animationApp.app; sourceTree = BUILT_PRODUCTS_DIR; };
		309B7C0C2AFBE9E10055C008 /* AppDelegate.swift */ = {isa = PBXFileReference; lastKnownFileType = sourcecode.swift; path = AppDelegate.swift; sourceTree = "<group>"; };
		309B7C0E2AFBE9E10055C008 /* SceneDelegate.swift */ = {isa = PBXFileReference; lastKnownFileType = sourcecode.swift; path = SceneDelegate.swift; sourceTree = "<group>"; };
		309B7C102AFBE9E10055C008 /* ViewController.swift */ = {isa = PBXFileReference; lastKnownFileType = sourcecode.swift; path = ViewController.swift; sourceTree = "<group>"; };
		309B7C132AFBE9E10055C008 /* Base */ = {isa = PBXFileReference; lastKnownFileType = file.storyboard; name = Base; path = Base.lproj/Main.storyboard; sourceTree = "<group>"; };
		309B7C152AFBE9E30055C008 /* Assets.xcassets */ = {isa = PBXFileReference; lastKnownFileType = folder.assetcatalog; path = Assets.xcassets; sourceTree = "<group>"; };
		309B7C182AFBE9E30055C008 /* Base */ = {isa = PBXFileReference; lastKnownFileType = file.storyboard; name = Base; path = Base.lproj/LaunchScreen.storyboard; sourceTree = "<group>"; };
		309B7C1A2AFBE9E30055C008 /* Info.plist */ = {isa = PBXFileReference; lastKnownFileType = text.plist.xml; path = Info.plist; sourceTree = "<group>"; };
		309B7C272AFBEBF70055C008 /* DataStore.swift */ = {isa = PBXFileReference; lastKnownFileType = sourcecode.swift; path = DataStore.swift; sourceTree = "<group>"; };
		309B7C2A2AFBED6E0055C008 /* Animation.swift */ = {isa = PBXFileReference; lastKnownFileType = sourcecode.swift; path = Animation.swift; sourceTree = "<group>"; };
/* End PBXFileReference section */

/* Begin PBXFrameworksBuildPhase section */
		309B7C062AFBE9E10055C008 /* Frameworks */ = {
			isa = PBXFrameworksBuildPhase;
			buildActionMask = 2147483647;
			files = (
				309B7C262AFBEA380055C008 /* SpringAnimation in Frameworks */,
			);
			runOnlyForDeploymentPostprocessing = 0;
		};
/* End PBXFrameworksBuildPhase section */

/* Begin PBXGroup section */
		309B7C002AFBE9E10055C008 = {
			isa = PBXGroup;
			children = (
				309B7C0B2AFBE9E10055C008 /* animationApp */,
				309B7C0A2AFBE9E10055C008 /* Products */,
			);
			sourceTree = "<group>";
		};
		309B7C0A2AFBE9E10055C008 /* Products */ = {
			isa = PBXGroup;
			children = (
				309B7C092AFBE9E10055C008 /* animationApp.app */,
			);
			name = Products;
			sourceTree = "<group>";
		};
		309B7C0B2AFBE9E10055C008 /* animationApp */ = {
			isa = PBXGroup;
			children = (
				309B7C2C2AFBF2C30055C008 /* Models */,
				309B7C292AFBEBFD0055C008 /* ServiceFiles */,
				309B7C222AFBEA0E0055C008 /* SupportingFiles */,
				309B7C232AFBEA1A0055C008 /* ViewControllers */,
				309B7C202AFBE9F30055C008 /* StoryBoards */,
				309B7C212AFBEA000055C008 /* Resourses */,
			);
			path = animationApp;
			sourceTree = "<group>";
		};
		309B7C202AFBE9F30055C008 /* StoryBoards */ = {
			isa = PBXGroup;
			children = (
				309B7C122AFBE9E10055C008 /* Main.storyboard */,
				309B7C172AFBE9E30055C008 /* LaunchScreen.storyboard */,
			);
			path = StoryBoards;
			sourceTree = "<group>";
		};
		309B7C212AFBEA000055C008 /* Resourses */ = {
			isa = PBXGroup;
			children = (
				309B7C152AFBE9E30055C008 /* Assets.xcassets */,
			);
			path = Resourses;
			sourceTree = "<group>";
		};
		309B7C222AFBEA0E0055C008 /* SupportingFiles */ = {
			isa = PBXGroup;
			children = (
				309B7C0C2AFBE9E10055C008 /* AppDelegate.swift */,
				309B7C0E2AFBE9E10055C008 /* SceneDelegate.swift */,
				309B7C1A2AFBE9E30055C008 /* Info.plist */,
			);
			path = SupportingFiles;
			sourceTree = "<group>";
		};
		309B7C232AFBEA1A0055C008 /* ViewControllers */ = {
			isa = PBXGroup;
			children = (
				309B7C102AFBE9E10055C008 /* ViewController.swift */,
			);
			path = ViewControllers;
			sourceTree = "<group>";
		};
		309B7C292AFBEBFD0055C008 /* ServiceFiles */ = {
			isa = PBXGroup;
			children = (
				309B7C272AFBEBF70055C008 /* DataStore.swift */,
			);
			path = ServiceFiles;
			sourceTree = "<group>";
		};
		309B7C2C2AFBF2C30055C008 /* Models */ = {
			isa = PBXGroup;
			children = (
				309B7C2A2AFBED6E0055C008 /* Animation.swift */,
			);
			path = Models;
			sourceTree = "<group>";
		};
/* End PBXGroup section */

/* Begin PBXNativeTarget section */
		309B7C082AFBE9E10055C008 /* animationApp */ = {
			isa = PBXNativeTarget;
			buildConfigurationList = 309B7C1D2AFBE9E30055C008 /* Build configuration list for PBXNativeTarget "animationApp" */;
			buildPhases = (
				309B7C052AFBE9E10055C008 /* Sources */,
				309B7C062AFBE9E10055C008 /* Frameworks */,
				309B7C072AFBE9E10055C008 /* Resources */,
			);
			buildRules = (
			);
			dependencies = (
			);
			name = animationApp;
			packageProductDependencies = (
				309B7C252AFBEA380055C008 /* SpringAnimation */,
			);
			productName = animationApp;
			productReference = 309B7C092AFBE9E10055C008 /* animationApp.app */;
			productType = "com.apple.product-type.application";
		};
/* End PBXNativeTarget section */

/* Begin PBXProject section */
		309B7C012AFBE9E10055C008 /* Project object */ = {
			isa = PBXProject;
			attributes = {
				BuildIndependentTargetsInParallel = 1;
				LastSwiftUpdateCheck = 1500;
				LastUpgradeCheck = 1500;
				TargetAttributes = {
					309B7C082AFBE9E10055C008 = {
						CreatedOnToolsVersion = 15.0.1;
					};
				};
			};
			buildConfigurationList = 309B7C042AFBE9E10055C008 /* Build configuration list for PBXProject "animationApp" */;
			compatibilityVersion = "Xcode 14.0";
			developmentRegion = en;
			hasScannedForEncodings = 0;
			knownRegions = (
				en,
				Base,
			);
			mainGroup = 309B7C002AFBE9E10055C008;
			packageReferences = (
				309B7C242AFBEA380055C008 /* XCRemoteSwiftPackageReference "SpringAnimation" */,
			);
			productRefGroup = 309B7C0A2AFBE9E10055C008 /* Products */;
			projectDirPath = "";
			projectRoot = "";
			targets = (
				309B7C082AFBE9E10055C008 /* animationApp */,
			);
		};
/* End PBXProject section */

/* Begin PBXResourcesBuildPhase section */
		309B7C072AFBE9E10055C008 /* Resources */ = {
			isa = PBXResourcesBuildPhase;
			buildActionMask = 2147483647;
			files = (
				309B7C192AFBE9E30055C008 /* LaunchScreen.storyboard in Resources */,
				309B7C162AFBE9E30055C008 /* Assets.xcassets in Resources */,
				309B7C142AFBE9E10055C008 /* Main.storyboard in Resources */,
			);
			runOnlyForDeploymentPostprocessing = 0;
		};
/* End PBXResourcesBuildPhase section */

/* Begin PBXSourcesBuildPhase section */
		309B7C052AFBE9E10055C008 /* Sources */ = {
			isa = PBXSourcesBuildPhase;
			buildActionMask = 2147483647;
			files = (
				309B7C112AFBE9E10055C008 /* ViewController.swift in Sources */,
				309B7C282AFBEBF70055C008 /* DataStore.swift in Sources */,
				309B7C0D2AFBE9E10055C008 /* AppDelegate.swift in Sources */,
				309B7C2B2AFBED6E0055C008 /* Animation.swift in Sources */,
				309B7C0F2AFBE9E10055C008 /* SceneDelegate.swift in Sources */,
			);
			runOnlyForDeploymentPostprocessing = 0;
		};
/* End PBXSourcesBuildPhase section */

/* Begin PBXVariantGroup section */
		309B7C122AFBE9E10055C008 /* Main.storyboard */ = {
			isa = PBXVariantGroup;
			children = (
				309B7C132AFBE9E10055C008 /* Base */,
			);
			name = Main.storyboard;
			sourceTree = "<group>";
		};
		309B7C172AFBE9E30055C008 /* LaunchScreen.storyboard */ = {
			isa = PBXVariantGroup;
			children = (
				309B7C182AFBE9E30055C008 /* Base */,
			);
			name = LaunchScreen.storyboard;
			sourceTree = "<group>";
		};
/* End PBXVariantGroup section */

/* Begin XCBuildConfiguration section */
		309B7C1B2AFBE9E30055C008 /* Debug */ = {
			isa = XCBuildConfiguration;
			buildSettings = {
				ALWAYS_SEARCH_USER_PATHS = NO;
				ASSETCATALOG_COMPILER_GENERATE_SWIFT_ASSET_SYMBOL_EXTENSIONS = YES;
				CLANG_ANALYZER_NONNULL = YES;
				CLANG_ANALYZER_NUMBER_OBJECT_CONVERSION = YES_AGGRESSIVE;
				CLANG_CXX_LANGUAGE_STANDARD = "gnu++20";
				CLANG_ENABLE_MODULES = YES;
				CLANG_ENABLE_OBJC_ARC = YES;
				CLANG_ENABLE_OBJC_WEAK = YES;
				CLANG_WARN_BLOCK_CAPTURE_AUTORELEASING = YES;
				CLANG_WARN_BOOL_CONVERSION = YES;
				CLANG_WARN_COMMA = YES;
				CLANG_WARN_CONSTANT_CONVERSION = YES;
				CLANG_WARN_DEPRECATED_OBJC_IMPLEMENTATIONS = YES;
				CLANG_WARN_DIRECT_OBJC_ISA_USAGE = YES_ERROR;
				CLANG_WARN_DOCUMENTATION_COMMENTS = YES;
				CLANG_WARN_EMPTY_BODY = YES;
				CLANG_WARN_ENUM_CONVERSION = YES;
				CLANG_WARN_INFINITE_RECURSION = YES;
				CLANG_WARN_INT_CONVERSION = YES;
				CLANG_WARN_NON_LITERAL_NULL_CONVERSION = YES;
				CLANG_WARN_OBJC_IMPLICIT_RETAIN_SELF = YES;
				CLANG_WARN_OBJC_LITERAL_CONVERSION = YES;
				CLANG_WARN_OBJC_ROOT_CLASS = YES_ERROR;
				CLANG_WARN_QUOTED_INCLUDE_IN_FRAMEWORK_HEADER = YES;
				CLANG_WARN_RANGE_LOOP_ANALYSIS = YES;
				CLANG_WARN_STRICT_PROTOTYPES = YES;
				CLANG_WARN_SUSPICIOUS_MOVE = YES;
				CLANG_WARN_UNGUARDED_AVAILABILITY = YES_AGGRESSIVE;
				CLANG_WARN_UNREACHABLE_CODE = YES;
				CLANG_WARN__DUPLICATE_METHOD_MATCH = YES;
				COPY_PHASE_STRIP = NO;
				DEBUG_INFORMATION_FORMAT = dwarf;
				ENABLE_STRICT_OBJC_MSGSEND = YES;
				ENABLE_TESTABILITY = YES;
				ENABLE_USER_SCRIPT_SANDBOXING = YES;
				GCC_C_LANGUAGE_STANDARD = gnu17;
				GCC_DYNAMIC_NO_PIC = NO;
				GCC_NO_COMMON_BLOCKS = YES;
				GCC_OPTIMIZATION_LEVEL = 0;
				GCC_PREPROCESSOR_DEFINITIONS = (
					"DEBUG=1",
					"$(inherited)",
				);
				GCC_WARN_64_TO_32_BIT_CONVERSION = YES;
				GCC_WARN_ABOUT_RETURN_TYPE = YES_ERROR;
				GCC_WARN_UNDECLARED_SELECTOR = YES;
				GCC_WARN_UNINITIALIZED_AUTOS = YES_AGGRESSIVE;
				GCC_WARN_UNUSED_FUNCTION = YES;
				GCC_WARN_UNUSED_VARIABLE = YES;
				IPHONEOS_DEPLOYMENT_TARGET = 17.0;
				LOCALIZATION_PREFERS_STRING_CATALOGS = YES;
				MTL_ENABLE_DEBUG_INFO = INCLUDE_SOURCE;
				MTL_FAST_MATH = YES;
				ONLY_ACTIVE_ARCH = YES;
				SDKROOT = iphoneos;
				SWIFT_ACTIVE_COMPILATION_CONDITIONS = "DEBUG $(inherited)";
				SWIFT_OPTIMIZATION_LEVEL = "-Onone";
			};
			name = Debug;
		};
		309B7C1C2AFBE9E30055C008 /* Release */ = {
			isa = XCBuildConfiguration;
			buildSettings = {
				ALWAYS_SEARCH_USER_PATHS = NO;
				ASSETCATALOG_COMPILER_GENERATE_SWIFT_ASSET_SYMBOL_EXTENSIONS = YES;
				CLANG_ANALYZER_NONNULL = YES;
				CLANG_ANALYZER_NUMBER_OBJECT_CONVERSION = YES_AGGRESSIVE;
				CLANG_CXX_LANGUAGE_STANDARD = "gnu++20";
				CLANG_ENABLE_MODULES = YES;
				CLANG_ENABLE_OBJC_ARC = YES;
				CLANG_ENABLE_OBJC_WEAK = YES;
				CLANG_WARN_BLOCK_CAPTURE_AUTORELEASING = YES;
				CLANG_WARN_BOOL_CONVERSION = YES;
				CLANG_WARN_COMMA = YES;
				CLANG_WARN_CONSTANT_CONVERSION = YES;
				CLANG_WARN_DEPRECATED_OBJC_IMPLEMENTATIONS = YES;
				CLANG_WARN_DIRECT_OBJC_ISA_USAGE = YES_ERROR;
				CLANG_WARN_DOCUMENTATION_COMMENTS = YES;
				CLANG_WARN_EMPTY_BODY = YES;
				CLANG_WARN_ENUM_CONVERSION = YES;
				CLANG_WARN_INFINITE_RECURSION = YES;
				CLANG_WARN_INT_CONVERSION = YES;
				CLANG_WARN_NON_LITERAL_NULL_CONVERSION = YES;
				CLANG_WARN_OBJC_IMPLICIT_RETAIN_SELF = YES;
				CLANG_WARN_OBJC_LITERAL_CONVERSION = YES;
				CLANG_WARN_OBJC_ROOT_CLASS = YES_ERROR;
				CLANG_WARN_QUOTED_INCLUDE_IN_FRAMEWORK_HEADER = YES;
				CLANG_WARN_RANGE_LOOP_ANALYSIS = YES;
				CLANG_WARN_STRICT_PROTOTYPES = YES;
				CLANG_WARN_SUSPICIOUS_MOVE = YES;
				CLANG_WARN_UNGUARDED_AVAILABILITY = YES_AGGRESSIVE;
				CLANG_WARN_UNREACHABLE_CODE = YES;
				CLANG_WARN__DUPLICATE_METHOD_MATCH = YES;
				COPY_PHASE_STRIP = NO;
				DEBUG_INFORMATION_FORMAT = "dwarf-with-dsym";
				ENABLE_NS_ASSERTIONS = NO;
				ENABLE_STRICT_OBJC_MSGSEND = YES;
				ENABLE_USER_SCRIPT_SANDBOXING = YES;
				GCC_C_LANGUAGE_STANDARD = gnu17;
				GCC_NO_COMMON_BLOCKS = YES;
				GCC_WARN_64_TO_32_BIT_CONVERSION = YES;
				GCC_WARN_ABOUT_RETURN_TYPE = YES_ERROR;
				GCC_WARN_UNDECLARED_SELECTOR = YES;
				GCC_WARN_UNINITIALIZED_AUTOS = YES_AGGRESSIVE;
				GCC_WARN_UNUSED_FUNCTION = YES;
				GCC_WARN_UNUSED_VARIABLE = YES;
				IPHONEOS_DEPLOYMENT_TARGET = 17.0;
				LOCALIZATION_PREFERS_STRING_CATALOGS = YES;
				MTL_ENABLE_DEBUG_INFO = NO;
				MTL_FAST_MATH = YES;
				SDKROOT = iphoneos;
				SWIFT_COMPILATION_MODE = wholemodule;
				VALIDATE_PRODUCT = YES;
			};
			name = Release;
		};
		309B7C1E2AFBE9E30055C008 /* Debug */ = {
			isa = XCBuildConfiguration;
			buildSettings = {
				ASSETCATALOG_COMPILER_APPICON_NAME = AppIcon;
				ASSETCATALOG_COMPILER_GLOBAL_ACCENT_COLOR_NAME = AccentColor;
				CODE_SIGN_STYLE = Automatic;
				CURRENT_PROJECT_VERSION = 1;
				GENERATE_INFOPLIST_FILE = YES;
				INFOPLIST_FILE = animationApp/SupportingFiles/Info.plist;
				INFOPLIST_KEY_UIApplicationSupportsIndirectInputEvents = YES;
				INFOPLIST_KEY_UILaunchStoryboardName = LaunchScreen;
				INFOPLIST_KEY_UIMainStoryboardFile = Main;
				INFOPLIST_KEY_UISupportedInterfaceOrientations_iPad = "UIInterfaceOrientationPortrait UIInterfaceOrientationPortraitUpsideDown UIInterfaceOrientationLandscapeLeft UIInterfaceOrientationLandscapeRight";
				INFOPLIST_KEY_UISupportedInterfaceOrientations_iPhone = "UIInterfaceOrientationPortrait UIInterfaceOrientationLandscapeLeft UIInterfaceOrientationLandscapeRight";
				LD_RUNPATH_SEARCH_PATHS = (
					"$(inherited)",
					"@executable_path/Frameworks",
				);
				MARKETING_VERSION = 1.0;
				PRODUCT_BUNDLE_IDENTIFIER = Kondrashov.animationApp;
				PRODUCT_NAME = "$(TARGET_NAME)";
				SUPPORTED_PLATFORMS = "iphoneos iphonesimulator";
				SUPPORTS_MACCATALYST = NO;
				SUPPORTS_MAC_DESIGNED_FOR_IPHONE_IPAD = NO;
				SWIFT_EMIT_LOC_STRINGS = YES;
				SWIFT_VERSION = 5.0;
				TARGETED_DEVICE_FAMILY = 1;
			};
			name = Debug;
		};
		309B7C1F2AFBE9E30055C008 /* Release */ = {
			isa = XCBuildConfiguration;
			buildSettings = {
				ASSETCATALOG_COMPILER_APPICON_NAME = AppIcon;
				ASSETCATALOG_COMPILER_GLOBAL_ACCENT_COLOR_NAME = AccentColor;
				CODE_SIGN_STYLE = Automatic;
				CURRENT_PROJECT_VERSION = 1;
				GENERATE_INFOPLIST_FILE = YES;
				INFOPLIST_FILE = animationApp/SupportingFiles/Info.plist;
				INFOPLIST_KEY_UIApplicationSupportsIndirectInputEvents = YES;
				INFOPLIST_KEY_UILaunchStoryboardName = LaunchScreen;
				INFOPLIST_KEY_UIMainStoryboardFile = Main;
				INFOPLIST_KEY_UISupportedInterfaceOrientations_iPad = "UIInterfaceOrientationPortrait UIInterfaceOrientationPortraitUpsideDown UIInterfaceOrientationLandscapeLeft UIInterfaceOrientationLandscapeRight";
				INFOPLIST_KEY_UISupportedInterfaceOrientations_iPhone = "UIInterfaceOrientationPortrait UIInterfaceOrientationLandscapeLeft UIInterfaceOrientationLandscapeRight";
				LD_RUNPATH_SEARCH_PATHS = (
					"$(inherited)",
					"@executable_path/Frameworks",
				);
				MARKETING_VERSION = 1.0;
				PRODUCT_BUNDLE_IDENTIFIER = Kondrashov.animationApp;
				PRODUCT_NAME = "$(TARGET_NAME)";
				SUPPORTED_PLATFORMS = "iphoneos iphonesimulator";
				SUPPORTS_MACCATALYST = NO;
				SUPPORTS_MAC_DESIGNED_FOR_IPHONE_IPAD = NO;
				SWIFT_EMIT_LOC_STRINGS = YES;
				SWIFT_VERSION = 5.0;
				TARGETED_DEVICE_FAMILY = 1;
			};
			name = Release;
		};
/* End XCBuildConfiguration section */

/* Begin XCConfigurationList section */
		309B7C042AFBE9E10055C008 /* Build configuration list for PBXProject "animationApp" */ = {
			isa = XCConfigurationList;
			buildConfigurations = (
				309B7C1B2AFBE9E30055C008 /* Debug */,
				309B7C1C2AFBE9E30055C008 /* Release */,
			);
			defaultConfigurationIsVisible = 0;
			defaultConfigurationName = Release;
		};
		309B7C1D2AFBE9E30055C008 /* Build configuration list for PBXNativeTarget "animationApp" */ = {
			isa = XCConfigurationList;
			buildConfigurations = (
				309B7C1E2AFBE9E30055C008 /* Debug */,
				309B7C1F2AFBE9E30055C008 /* Release */,
			);
			defaultConfigurationIsVisible = 0;
			defaultConfigurationName = Release;
		};
/* End XCConfigurationList section */

/* Begin XCRemoteSwiftPackageReference section */
		309B7C242AFBEA380055C008 /* XCRemoteSwiftPackageReference "SpringAnimation" */ = {
			isa = XCRemoteSwiftPackageReference;
			repositoryURL = "https://github.com/LexDeBash/SpringAnimation";
			requirement = {
				kind = upToNextMajorVersion;
				minimumVersion = 0.3.0;
			};
		};
/* End XCRemoteSwiftPackageReference section */

/* Begin XCSwiftPackageProductDependency section */
		309B7C252AFBEA380055C008 /* SpringAnimation */ = {
			isa = XCSwiftPackageProductDependency;
			package = 309B7C242AFBEA380055C008 /* XCRemoteSwiftPackageReference "SpringAnimation" */;
			productName = SpringAnimation;
		};
/* End XCSwiftPackageProductDependency section */
	};
	rootObject = 309B7C012AFBE9E10055C008 /* Project object */;
}
